
Microsoft Visual Studio Solution File, Format Version 12.00
# Visual Studio Version 16
VisualStudioVersion = 16.0.30204.135
MinimumVisualStudioVersion = 10.0.40219.1
Project("{9A19103F-16F7-4668-BE54-9A1E7A4F7556}") = "ProofOfConceptOrders", "ProofOfConceptOrders\ProofOfConceptOrders.csproj", "{C67057AD-A2AE-4B69-8143-E7D179A85C77}"
EndProject
Project("{FAE04EC0-301F-11D3-BF4B-00C04F79EFBC}") = "ProofOfConceptOrdersTest", "ProofOfConceptOrdersTest\ProofOfConceptOrdersTest.csproj", "{AD1EBC90-4BBA-4BCD-B127-01017BEFC5AD}"
EndProject
Global
	GlobalSection(SolutionConfigurationPlatforms) = preSolution
		Debug|Any CPU = Debug|Any CPU
		Release|Any CPU = Release|Any CPU
	EndGlobalSection
	GlobalSection(ProjectConfigurationPlatforms) = postSolution
		{C67057AD-A2AE-4B69-8143-E7D179A85C77}.Debug|Any CPU.ActiveCfg = Debug|Any CPU
		{C67057AD-A2AE-4B69-8143-E7D179A85C77}.Debug|Any CPU.Build.0 = Debug|Any CPU
		{C67057AD-A2AE-4B69-8143-E7D179A85C77}.Release|Any CPU.ActiveCfg = Release|Any CPU
		{C67057AD-A2AE-4B69-8143-E7D179A85C77}.Release|Any CPU.Build.0 = Release|Any CPU
		{AD1EBC90-4BBA-4BCD-B127-01017BEFC5AD}.Debug|Any CPU.ActiveCfg = Debug|Any CPU
		{AD1EBC90-4BBA-4BCD-B127-01017BEFC5AD}.Debug|Any CPU.Build.0 = Debug|Any CPU
		{AD1EBC90-4BBA-4BCD-B127-01017BEFC5AD}.Release|Any CPU.ActiveCfg = Release|Any CPU
		{AD1EBC90-4BBA-4BCD-B127-01017BEFC5AD}.Release|Any CPU.Build.0 = Release|Any CPU
	EndGlobalSection
	GlobalSection(SolutionProperties) = preSolution
		HideSolutionNode = FALSE
	EndGlobalSection
	GlobalSection(ExtensibilityGlobals) = postSolution
		SolutionGuid = {BC14C52F-E373-40AB-A698-A2DCA34D1477}
	EndGlobalSection
EndGlobal
